// !$*UTF8*$!
{
	archiveVersion = 1;
	classes = {
	};
	objectVersion = 77;
	objects = {

/* Begin PBXContainerItemProxy section */
		CF8ACB012E3F04C800634746 /* PBXContainerItemProxy */ = {
			isa = PBXContainerItemProxy;
			containerPortal = CF8ACAEB2E3F04C700634746 /* Project object */;
			proxyType = 1;
			remoteGlobalIDString = CF8ACAF22E3F04C700634746;
			remoteInfo = WeddingRecorder;
		};
		CF8ACB0B2E3F04C800634746 /* PBXContainerItemProxy */ = {
			isa = PBXContainerItemProxy;
			containerPortal = CF8ACAEB2E3F04C700634746 /* Project object */;
			proxyType = 1;
			remoteGlobalIDString = CF8ACAF22E3F04C700634746;
			remoteInfo = WeddingRecorder;
		};
/* End PBXContainerItemProxy section */

/* Begin PBXFileReference section */
		CF8ACAF32E3F04C700634746 /* WeddingRecorder.app */ = {isa = PBXFileReference; explicitFileType = wrapper.application; includeInIndex = 0; path = WeddingRecorder.app; sourceTree = BUILT_PRODUCTS_DIR; };
		CF8ACB002E3F04C800634746 /* WeddingRecorderTests.xctest */ = {isa = PBXFileReference; explicitFileType = wrapper.cfbundle; includeInIndex = 0; path = WeddingRecorderTests.xctest; sourceTree = BUILT_PRODUCTS_DIR; };
		CF8ACB0A2E3F04C800634746 /* WeddingRecorderUITests.xctest */ = {isa = PBXFileReference; explicitFileType = wrapper.cfbundle; includeInIndex = 0; path = WeddingRecorderUITests.xctest; sourceTree = BUILT_PRODUCTS_DIR; };
/* End PBXFileReference section */

/* Begin PBXFileSystemSynchronizedBuildFileExceptionSet section */
		CF27F7A52E3F2197000715CE /* Exceptions for "WeddingRecorder" folder in "WeddingRecorder" target */ = {
			isa = PBXFileSystemSynchronizedBuildFileExceptionSet;
			membershipExceptions = (
				Info.plist,
			);
			target = CF8ACAF22E3F04C700634746 /* WeddingRecorder */;
		};
/* End PBXFileSystemSynchronizedBuildFileExceptionSet section */

/* Begin PBXFileSystemSynchronizedRootGroup section */
		CF8ACAF52E3F04C700634746 /* WeddingRecorder */ = {
			isa = PBXFileSystemSynchronizedRootGroup;
			exceptions = (
				CF27F7A52E3F2197000715CE /* Exceptions for "WeddingRecorder" folder in "WeddingRecorder" target */,
			);
			path = WeddingRecorder;
			sourceTree = "<group>";
		};
		CF8ACB032E3F04C800634746 /* WeddingRecorderTests */ = {
			isa = PBXFileSystemSynchronizedRootGroup;
			path = WeddingRecorderTests;
			sourceTree = "<group>";
		};
		CF8ACB0D2E3F04C800634746 /* WeddingRecorderUITests */ = {
			isa = PBXFileSystemSynchronizedRootGroup;
			path = WeddingRecorderUITests;
			sourceTree = "<group>";
		};
/* End PBXFileSystemSynchronizedRootGroup section */

/* Begin PBXFrameworksBuildPhase section */
		CF8ACAF02E3F04C700634746 /* Frameworks */ = {
			isa = PBXFrameworksBuildPhase;
			buildActionMask = 2147483647;
			files = (
			);
			runOnlyForDeploymentPostprocessing = 0;
		};
		CF8ACAFD2E3F04C800634746 /* Frameworks */ = {
			isa = PBXFrameworksBuildPhase;
			buildActionMask = 2147483647;
			files = (
			);
			runOnlyForDeploymentPostprocessing = 0;
		};
		CF8ACB072E3F04C800634746 /* Frameworks */ = {
			isa = PBXFrameworksBuildPhase;
			buildActionMask = 2147483647;
			files = (
			);
			runOnlyForDeploymentPostprocessing = 0;
		};
/* End PBXFrameworksBuildPhase section */

/* Begin PBXGroup section */
		CF8ACAEA2E3F04C700634746 = {
			isa = PBXGroup;
			children = (
				CF8ACAF52E3F04C700634746 /* WeddingRecorder */,
				CF8ACB032E3F04C800634746 /* WeddingRecorderTests */,
				CF8ACB0D2E3F04C800634746 /* WeddingRecorderUITests */,
				CF8ACAF42E3F04C700634746 /* Products */,
			);
			sourceTree = "<group>";
		};
		CF8ACAF42E3F04C700634746 /* Products */ = {
			isa = PBXGroup;
			children = (
				CF8ACAF32E3F04C700634746 /* WeddingRecorder.app */,
				CF8ACB002E3F04C800634746 /* WeddingRecorderTests.xctest */,
				CF8ACB0A2E3F04C800634746 /* WeddingRecorderUITests.xctest */,
			);
			name = Products;
			sourceTree = "<group>";
		};
/* End PBXGroup section */

/* Begin PBXNativeTarget section */
		CF8ACAF22E3F04C700634746 /* WeddingRecorder */ = {
			isa = PBXNativeTarget;
			buildConfigurationList = CF8ACB142E3F04C800634746 /* Build configuration list for PBXNativeTarget "WeddingRecorder" */;
			buildPhases = (
				CF8ACAEF2E3F04C700634746 /* Sources */,
				CF8ACAF02E3F04C700634746 /* Frameworks */,
				CF8ACAF12E3F04C700634746 /* Resources */,
			);
			buildRules = (
			);
			dependencies = (
			);
			fileSystemSynchronizedGroups = (
				CF8ACAF52E3F04C700634746 /* WeddingRecorder */,
			);
			name = WeddingRecorder;
			packageProductDependencies = (
			);
			productName = WeddingRecorder;
			productReference = CF8ACAF32E3F04C700634746 /* WeddingRecorder.app */;
			productType = "com.apple.product-type.application";
		};
		CF8ACAFF2E3F04C800634746 /* WeddingRecorderTests */ = {
			isa = PBXNativeTarget;
			buildConfigurationList = CF8ACB172E3F04C800634746 /* Build configuration list for PBXNativeTarget "WeddingRecorderTests" */;
			buildPhases = (
				CF8ACAFC2E3F04C800634746 /* Sources */,
				CF8ACAFD2E3F04C800634746 /* Frameworks */,
				CF8ACAFE2E3F04C800634746 /* Resources */,
			);
			buildRules = (
			);
			dependencies = (
				CF8ACB022E3F04C800634746 /* PBXTargetDependency */,
			);
			fileSystemSynchronizedGroups = (
				CF8ACB032E3F04C800634746 /* WeddingRecorderTests */,
			);
			name = WeddingRecorderTests;
			packageProductDependencies = (
			);
			productName = WeddingRecorderTests;
			productReference = CF8ACB002E3F04C800634746 /* WeddingRecorderTests.xctest */;
			productType = "com.apple.product-type.bundle.unit-test";
		};
		CF8ACB092E3F04C800634746 /* WeddingRecorderUITests */ = {
			isa = PBXNativeTarget;
			buildConfigurationList = CF8ACB1A2E3F04C800634746 /* Build configuration list for PBXNativeTarget "WeddingRecorderUITests" */;
			buildPhases = (
				CF8ACB062E3F04C800634746 /* Sources */,
				CF8ACB072E3F04C800634746 /* Frameworks */,
				CF8ACB082E3F04C800634746 /* Resources */,
			);
			buildRules = (
			);
			dependencies = (
				CF8ACB0C2E3F04C800634746 /* PBXTargetDependency */,
			);
			fileSystemSynchronizedGroups = (
				CF8ACB0D2E3F04C800634746 /* WeddingRecorderUITests */,
			);
			name = WeddingRecorderUITests;
			packageProductDependencies = (
			);
			productName = WeddingRecorderUITests;
			productReference = CF8ACB0A2E3F04C800634746 /* WeddingRecorderUITests.xctest */;
			productType = "com.apple.product-type.bundle.ui-testing";
		};
/* End PBXNativeTarget section */

/* Begin PBXProject section */
		CF8ACAEB2E3F04C700634746 /* Project object */ = {
			isa = PBXProject;
			attributes = {
				BuildIndependentTargetsInParallel = 1;
				LastSwiftUpdateCheck = 1640;
				LastUpgradeCheck = 1640;
				TargetAttributes = {
					CF8ACAF22E3F04C700634746 = {
						CreatedOnToolsVersion = 16.4;
					};
					CF8ACAFF2E3F04C800634746 = {
						CreatedOnToolsVersion = 16.4;
						TestTargetID = CF8ACAF22E3F04C700634746;
					};
					CF8ACB092E3F04C800634746 = {
						CreatedOnToolsVersion = 16.4;
						TestTargetID = CF8ACAF22E3F04C700634746;
					};
				};
			};
			buildConfigurationList = CF8ACAEE2E3F04C700634746 /* Build configuration list for PBXProject "WeddingRecorder" */;
			developmentRegion = en;
			hasScannedForEncodings = 0;
			knownRegions = (
				en,
				Base,
			);
			mainGroup = CF8ACAEA2E3F04C700634746;
			minimizedProjectReferenceProxies = 1;
			preferredProjectObjectVersion = 77;
			productRefGroup = CF8ACAF42E3F04C700634746 /* Products */;
			projectDirPath = "";
			projectRoot = "";
			targets = (
				CF8ACAF22E3F04C700634746 /* WeddingRecorder */,
				CF8ACAFF2E3F04C800634746 /* WeddingRecorderTests */,
				CF8ACB092E3F04C800634746 /* WeddingRecorderUITests */,
			);
		};
/* End PBXProject section */

/* Begin PBXResourcesBuildPhase section */
		CF8ACAF12E3F04C700634746 /* Resources */ = {
			isa = PBXResourcesBuildPhase;
			buildActionMask = 2147483647;
			files = (
			);
			runOnlyForDeploymentPostprocessing = 0;
		};
		CF8ACAFE2E3F04C800634746 /* Resources */ = {
			isa = PBXResourcesBuildPhase;
			buildActionMask = 2147483647;
			files = (
			);
			runOnlyForDeploymentPostprocessing = 0;
		};
		CF8ACB082E3F04C800634746 /* Resources */ = {
			isa = PBXResourcesBuildPhase;
			buildActionMask = 2147483647;
			files = (
			);
			runOnlyForDeploymentPostprocessing = 0;
		};
/* End PBXResourcesBuildPhase section */

/* Begin PBXSourcesBuildPhase section */
		CF8ACAEF2E3F04C700634746 /* Sources */ = {
			isa = PBXSourcesBuildPhase;
			buildActionMask = 2147483647;
			files = (
			);
			runOnlyForDeploymentPostprocessing = 0;
		};
		CF8ACAFC2E3F04C800634746 /* Sources */ = {
			isa = PBXSourcesBuildPhase;
			buildActionMask = 2147483647;
			files = (
			);
			runOnlyForDeploymentPostprocessing = 0;
		};
		CF8ACB062E3F04C800634746 /* Sources */ = {
			isa = PBXSourcesBuildPhase;
			buildActionMask = 2147483647;
			files = (
			);
			runOnlyForDeploymentPostprocessing = 0;
		};
/* End PBXSourcesBuildPhase section */

/* Begin PBXTargetDependency section */
		CF8ACB022E3F04C800634746 /* PBXTargetDependency */ = {
			isa = PBXTargetDependency;
			target = CF8ACAF22E3F04C700634746 /* WeddingRecorder */;
			targetProxy = CF8ACB012E3F04C800634746 /* PBXContainerItemProxy */;
		};
		CF8ACB0C2E3F04C800634746 /* PBXTargetDependency */ = {
			isa = PBXTargetDependency;
			target = CF8ACAF22E3F04C700634746 /* WeddingRecorder */;
			targetProxy = CF8ACB0B2E3F04C800634746 /* PBXContainerItemProxy */;
		};
/* End PBXTargetDependency section */

/* Begin XCBuildConfiguration section */
		CF8ACB122E3F04C800634746 /* Debug */ = {
			isa = XCBuildConfiguration;
			buildSettings = {
				ALWAYS_SEARCH_USER_PATHS = NO;
				ASSETCATALOG_COMPILER_GENERATE_SWIFT_ASSET_SYMBOL_EXTENSIONS = YES;
				CLANG_ANALYZER_NONNULL = YES;
				CLANG_ANALYZER_NUMBER_OBJECT_CONVERSION = YES_AGGRESSIVE;
				CLANG_CXX_LANGUAGE_STANDARD = "gnu++20";
				CLANG_ENABLE_MODULES = YES;
				CLANG_ENABLE_OBJC_ARC = YES;
				CLANG_ENABLE_OBJC_WEAK = YES;
				CLANG_WARN_BLOCK_CAPTURE_AUTORELEASING = YES;
				CLANG_WARN_BOOL_CONVERSION = YES;
				CLANG_WARN_COMMA = YES;
				CLANG_WARN_CONSTANT_CONVERSION = YES;
				CLANG_WARN_DEPRECATED_OBJC_IMPLEMENTATIONS = YES;
				CLANG_WARN_DIRECT_OBJC_ISA_USAGE = YES_ERROR;
				CLANG_WARN_DOCUMENTATION_COMMENTS = YES;
				CLANG_WARN_EMPTY_BODY = YES;
				CLANG_WARN_ENUM_CONVERSION = YES;
				CLANG_WARN_INFINITE_RECURSION = YES;
				CLANG_WARN_INT_CONVERSION = YES;
				CLANG_WARN_NON_LITERAL_NULL_CONVERSION = YES;
				CLANG_WARN_OBJC_IMPLICIT_RETAIN_SELF = YES;
				CLANG_WARN_OBJC_LITERAL_CONVERSION = YES;
				CLANG_WARN_OBJC_ROOT_CLASS = YES_ERROR;
				CLANG_WARN_QUOTED_INCLUDE_IN_FRAMEWORK_HEADER = YES;
				CLANG_WARN_RANGE_LOOP_ANALYSIS = YES;
				CLANG_WARN_STRICT_PROTOTYPES = YES;
				CLANG_WARN_SUSPICIOUS_MOVE = YES;
				CLANG_WARN_UNGUARDED_AVAILABILITY = YES_AGGRESSIVE;
				CLANG_WARN_UNREACHABLE_CODE = YES;
				CLANG_WARN__DUPLICATE_METHOD_MATCH = YES;
				COPY_PHASE_STRIP = NO;
				DEBUG_INFORMATION_FORMAT = dwarf;
				DEVELOPMENT_TEAM = 88M48XJCTP;
				ENABLE_STRICT_OBJC_MSGSEND = YES;
				ENABLE_TESTABILITY = YES;
				ENABLE_USER_SCRIPT_SANDBOXING = YES;
				GCC_C_LANGUAGE_STANDARD = gnu17;
				GCC_DYNAMIC_NO_PIC = NO;
				GCC_NO_COMMON_BLOCKS = YES;
				GCC_OPTIMIZATION_LEVEL = 0;
				GCC_PREPROCESSOR_DEFINITIONS = (
					"DEBUG=1",
					"$(inherited)",
				);
				GCC_WARN_64_TO_32_BIT_CONVERSION = YES;
				GCC_WARN_ABOUT_RETURN_TYPE = YES_ERROR;
				GCC_WARN_UNDECLARED_SELECTOR = YES;
				GCC_WARN_UNINITIALIZED_AUTOS = YES_AGGRESSIVE;
				GCC_WARN_UNUSED_FUNCTION = YES;
				GCC_WARN_UNUSED_VARIABLE = YES;
				IPHONEOS_DEPLOYMENT_TARGET = 17.7.10;
				LOCALIZATION_PREFERS_STRING_CATALOGS = YES;
				MTL_ENABLE_DEBUG_INFO = INCLUDE_SOURCE;
				MTL_FAST_MATH = YES;
				ONLY_ACTIVE_ARCH = YES;
				SDKROOT = iphoneos;
				SWIFT_ACTIVE_COMPILATION_CONDITIONS = "DEBUG $(inherited)";
				SWIFT_OPTIMIZATION_LEVEL = "-Onone";
			};
			name = Debug;
		};
		CF8ACB132E3F04C800634746 /* Release */ = {
			isa = XCBuildConfiguration;
			buildSettings = {
				ALWAYS_SEARCH_USER_PATHS = NO;
				ASSETCATALOG_COMPILER_GENERATE_SWIFT_ASSET_SYMBOL_EXTENSIONS = YES;
				CLANG_ANALYZER_NONNULL = YES;
				CLANG_ANALYZER_NUMBER_OBJECT_CONVERSION = YES_AGGRESSIVE;
				CLANG_CXX_LANGUAGE_STANDARD = "gnu++20";
				CLANG_ENABLE_MODULES = YES;
				CLANG_ENABLE_OBJC_ARC = YES;
				CLANG_ENABLE_OBJC_WEAK = YES;
				CLANG_WARN_BLOCK_CAPTURE_AUTORELEASING = YES;
				CLANG_WARN_BOOL_CONVERSION = YES;
				CLANG_WARN_COMMA = YES;
				CLANG_WARN_CONSTANT_CONVERSION = YES;
				CLANG_WARN_DEPRECATED_OBJC_IMPLEMENTATIONS = YES;
				CLANG_WARN_DIRECT_OBJC_ISA_USAGE = YES_ERROR;
				CLANG_WARN_DOCUMENTATION_COMMENTS = YES;
				CLANG_WARN_EMPTY_BODY = YES;
				CLANG_WARN_ENUM_CONVERSION = YES;
				CLANG_WARN_INFINITE_RECURSION = YES;
				CLANG_WARN_INT_CONVERSION = YES;
				CLANG_WARN_NON_LITERAL_NULL_CONVERSION = YES;
				CLANG_WARN_OBJC_IMPLICIT_RETAIN_SELF = YES;
				CLANG_WARN_OBJC_LITERAL_CONVERSION = YES;
				CLANG_WARN_OBJC_ROOT_CLASS = YES_ERROR;
				CLANG_WARN_QUOTED_INCLUDE_IN_FRAMEWORK_HEADER = YES;
				CLANG_WARN_RANGE_LOOP_ANALYSIS = YES;
				CLANG_WARN_STRICT_PROTOTYPES = YES;
				CLANG_WARN_SUSPICIOUS_MOVE = YES;
				CLANG_WARN_UNGUARDED_AVAILABILITY = YES_AGGRESSIVE;
				CLANG_WARN_UNREACHABLE_CODE = YES;
				CLANG_WARN__DUPLICATE_METHOD_MATCH = YES;
				COPY_PHASE_STRIP = NO;
				DEBUG_INFORMATION_FORMAT = "dwarf-with-dsym";
				DEVELOPMENT_TEAM = 88M48XJCTP;
				ENABLE_NS_ASSERTIONS = NO;
				ENABLE_STRICT_OBJC_MSGSEND = YES;
				ENABLE_USER_SCRIPT_SANDBOXING = YES;
				GCC_C_LANGUAGE_STANDARD = gnu17;
				GCC_NO_COMMON_BLOCKS = YES;
				GCC_WARN_64_TO_32_BIT_CONVERSION = YES;
				GCC_WARN_ABOUT_RETURN_TYPE = YES_ERROR;
				GCC_WARN_UNDECLARED_SELECTOR = YES;
				GCC_WARN_UNINITIALIZED_AUTOS = YES_AGGRESSIVE;
				GCC_WARN_UNUSED_FUNCTION = YES;
				GCC_WARN_UNUSED_VARIABLE = YES;
				IPHONEOS_DEPLOYMENT_TARGET = 17.7.10;
				LOCALIZATION_PREFERS_STRING_CATALOGS = YES;
				MTL_ENABLE_DEBUG_INFO = NO;
				MTL_FAST_MATH = YES;
				SDKROOT = iphoneos;
				SWIFT_COMPILATION_MODE = wholemodule;
				VALIDATE_PRODUCT = YES;
			};
			name = Release;
		};
		CF8ACB152E3F04C800634746 /* Debug */ = {
			isa = XCBuildConfiguration;
			buildSettings = {
				ASSETCATALOG_COMPILER_APPICON_NAME = AppIcon;
				ASSETCATALOG_COMPILER_GLOBAL_ACCENT_COLOR_NAME = AccentColor;
				CODE_SIGN_STYLE = Automatic;
				CURRENT_PROJECT_VERSION = 1;
				DEVELOPMENT_TEAM = 88M48XJCTP;
				ENABLE_PREVIEWS = YES;
				GENERATE_INFOPLIST_FILE = YES;
				INFOPLIST_FILE = WeddingRecorder/Info.plist;
				INFOPLIST_KEY_UIApplicationSceneManifest_Generation = YES;
				INFOPLIST_KEY_UIApplicationSupportsIndirectInputEvents = YES;
				INFOPLIST_KEY_UILaunchScreen_Generation = YES;
				INFOPLIST_KEY_UISupportedInterfaceOrientations = "UIInterfaceOrientationLandscapeLeft UIInterfaceOrientationLandscapeRight";
				LD_RUNPATH_SEARCH_PATHS = (
					"$(inherited)",
					"@executable_path/Frameworks",
				);
				MARKETING_VERSION = 1.0;
				PRODUCT_BUNDLE_IDENTIFIER = com.poditos.WeddingRecorder;
				PRODUCT_NAME = "$(TARGET_NAME)";
				SWIFT_EMIT_LOC_STRINGS = YES;
				SWIFT_VERSION = 5.0;
				TARGETED_DEVICE_FAMILY = "1,2";
			};
			name = Debug;
		};
		CF8ACB162E3F04C800634746 /* Release */ = {
			isa = XCBuildConfiguration;
			buildSettings = {
				ASSETCATALOG_COMPILER_APPICON_NAME = AppIcon;
				ASSETCATALOG_COMPILER_GLOBAL_ACCENT_COLOR_NAME = AccentColor;
				CODE_SIGN_STYLE = Automatic;
				CURRENT_PROJECT_VERSION = 1;
				DEVELOPMENT_TEAM = 88M48XJCTP;
				ENABLE_PREVIEWS = YES;
				GENERATE_INFOPLIST_FILE = YES;
				INFOPLIST_FILE = WeddingRecorder/Info.plist;
				INFOPLIST_KEY_UIApplicationSceneManifest_Generation = YES;
				INFOPLIST_KEY_UIApplicationSupportsIndirectInputEvents = YES;
				INFOPLIST_KEY_UILaunchScreen_Generation = YES;
				INFOPLIST_KEY_UISupportedInterfaceOrientations = "UIInterfaceOrientationLandscapeLeft UIInterfaceOrientationLandscapeRight";
				LD_RUNPATH_SEARCH_PATHS = (
					"$(inherited)",
					"@executable_path/Frameworks",
				);
				MARKETING_VERSION = 1.0;
				PRODUCT_BUNDLE_IDENTIFIER = com.poditos.WeddingRecorder;
				PRODUCT_NAME = "$(TARGET_NAME)";
				SWIFT_EMIT_LOC_STRINGS = YES;
				SWIFT_VERSION = 5.0;
				TARGETED_DEVICE_FAMILY = "1,2";
			};
			name = Release;
		};
		CF8ACB182E3F04C800634746 /* Debug */ = {
			isa = XCBuildConfiguration;
			buildSettings = {
				BUNDLE_LOADER = "$(TEST_HOST)";
				CODE_SIGN_STYLE = Automatic;
				CURRENT_PROJECT_VERSION = 1;
				DEVELOPMENT_TEAM = 88M48XJCTP;
				GENERATE_INFOPLIST_FILE = YES;
				IPHONEOS_DEPLOYMENT_TARGET = 17.7.10;
				MARKETING_VERSION = 1.0;
				PRODUCT_BUNDLE_IDENTIFIER = com.poditos.WeddingRecorderTests;
				PRODUCT_NAME = "$(TARGET_NAME)";
				SWIFT_EMIT_LOC_STRINGS = NO;
				SWIFT_VERSION = 5.0;
				TARGETED_DEVICE_FAMILY = "1,2";
				TEST_HOST = "$(BUILT_PRODUCTS_DIR)/WeddingRecorder.app/$(BUNDLE_EXECUTABLE_FOLDER_PATH)/WeddingRecorder";
			};
			name = Debug;
		};
		CF8ACB192E3F04C800634746 /* Release */ = {
			isa = XCBuildConfiguration;
			buildSettings = {
				BUNDLE_LOADER = "$(TEST_HOST)";
				CODE_SIGN_STYLE = Automatic;
				CURRENT_PROJECT_VERSION = 1;
				DEVELOPMENT_TEAM = 88M48XJCTP;
				GENERATE_INFOPLIST_FILE = YES;
				IPHONEOS_DEPLOYMENT_TARGET = 17.7.10;
				MARKETING_VERSION = 1.0;
				PRODUCT_BUNDLE_IDENTIFIER = com.poditos.WeddingRecorderTests;
				PRODUCT_NAME = "$(TARGET_NAME)";
				SWIFT_EMIT_LOC_STRINGS = NO;
				SWIFT_VERSION = 5.0;
				TARGETED_DEVICE_FAMILY = "1,2";
				TEST_HOST = "$(BUILT_PRODUCTS_DIR)/WeddingRecorder.app/$(BUNDLE_EXECUTABLE_FOLDER_PATH)/WeddingRecorder";
			};
			name = Release;
		};
		CF8ACB1B2E3F04C800634746 /* Debug */ = {
			isa = XCBuildConfiguration;
			buildSettings = {
				CODE_SIGN_STYLE = Automatic;
				CURRENT_PROJECT_VERSION = 1;
				DEVELOPMENT_TEAM = 88M48XJCTP;
				GENERATE_INFOPLIST_FILE = YES;
				MARKETING_VERSION = 1.0;
				PRODUCT_BUNDLE_IDENTIFIER = com.poditos.WeddingRecorderUITests;
				PRODUCT_NAME = "$(TARGET_NAME)";
				SWIFT_EMIT_LOC_STRINGS = NO;
				SWIFT_VERSION = 5.0;
				TARGETED_DEVICE_FAMILY = "1,2";
				TEST_TARGET_NAME = WeddingRecorder;
			};
			name = Debug;
		};
		CF8ACB1C2E3F04C800634746 /* Release */ = {
			isa = XCBuildConfiguration;
			buildSettings = {
				CODE_SIGN_STYLE = Automatic;
				CURRENT_PROJECT_VERSION = 1;
				DEVELOPMENT_TEAM = 88M48XJCTP;
				GENERATE_INFOPLIST_FILE = YES;
				MARKETING_VERSION = 1.0;
				PRODUCT_BUNDLE_IDENTIFIER = com.poditos.WeddingRecorderUITests;
				PRODUCT_NAME = "$(TARGET_NAME)";
				SWIFT_EMIT_LOC_STRINGS = NO;
				SWIFT_VERSION = 5.0;
				TARGETED_DEVICE_FAMILY = "1,2";
				TEST_TARGET_NAME = WeddingRecorder;
			};
			name = Release;
		};
/* End XCBuildConfiguration section */

/* Begin XCConfigurationList section */
		CF8ACAEE2E3F04C700634746 /* Build configuration list for PBXProject "WeddingRecorder" */ = {
			isa = XCConfigurationList;
			buildConfigurations = (
				CF8ACB122E3F04C800634746 /* Debug */,
				CF8ACB132E3F04C800634746 /* Release */,
			);
			defaultConfigurationIsVisible = 0;
			defaultConfigurationName = Release;
		};
		CF8ACB142E3F04C800634746 /* Build configuration list for PBXNativeTarget "WeddingRecorder" */ = {
			isa = XCConfigurationList;
			buildConfigurations = (
				CF8ACB152E3F04C800634746 /* Debug */,
				CF8ACB162E3F04C800634746 /* Release */,
			);
			defaultConfigurationIsVisible = 0;
			defaultConfigurationName = Release;
		};
		CF8ACB172E3F04C800634746 /* Build configuration list for PBXNativeTarget "WeddingRecorderTests" */ = {
			isa = XCConfigurationList;
			buildConfigurations = (
				CF8ACB182E3F04C800634746 /* Debug */,
				CF8ACB192E3F04C800634746 /* Release */,
			);
			defaultConfigurationIsVisible = 0;
			defaultConfigurationName = Release;
		};
		CF8ACB1A2E3F04C800634746 /* Build configuration list for PBXNativeTarget "WeddingRecorderUITests" */ = {
			isa = XCConfigurationList;
			buildConfigurations = (
				CF8ACB1B2E3F04C800634746 /* Debug */,
				CF8ACB1C2E3F04C800634746 /* Release */,
			);
			defaultConfigurationIsVisible = 0;
			defaultConfigurationName = Release;
		};
/* End XCConfigurationList section */
	};
	rootObject = CF8ACAEB2E3F04C700634746 /* Project object */;
}
